<?xml version="1.0" encoding="utf-8"?>
<Project ToolsVersion="4.0" xmlns="http://schemas.microsoft.com/developer/msbuild/2003">
  <ItemGroup>
    <ClCompile Include=".\source\basecode.cpp">
      <Filter>Source</Filter>
    </ClCompile>
    <ClCompile Include=".\source\chatlib.cpp">
      <Filter>Source</Filter>
    </ClCompile>
    <ClCompile Include=".\source\combat.cpp">
      <Filter>Source</Filter>
    </ClCompile>
    <ClCompile Include=".\source\control.cpp">
      <Filter>Source</Filter>
    </ClCompile>
    <ClCompile Include=".\source\engine.cpp">
      <Filter>Source</Filter>
    </ClCompile>
    <ClCompile Include=".\source\Experience.cpp">
      <Filter>Source</Filter>
    </ClCompile>
    <ClCompile Include=".\source\globals.cpp">
      <Filter>Source</Filter>
    </ClCompile>
    <ClCompile Include=".\source\interface.cpp">
      <Filter>Source</Filter>
    </ClCompile>
    <ClCompile Include=".\source\navigate.cpp">
      <Filter>Source</Filter>
    </ClCompile>
    <ClCompile Include=".\source\netmsg.cpp">
      <Filter>Source</Filter>
    </ClCompile>
    <ClCompile Include=".\source\support.cpp">
      <Filter>Source</Filter>
    </ClCompile>
    <ClCompile Include=".\source\waypoint.cpp">
      <Filter>Source</Filter>
    </ClCompile>
  </ItemGroup>
  <ItemGroup>
    <ClInclude Include=".\include\core.h">
      <Filter>Include</Filter>
    </ClInclude>
    <ClInclude Include=".\include\engine.h">
      <Filter>Include</Filter>
    </ClInclude>
    <ClInclude Include=".\include\Experience.h">
      <Filter>Include</Filter>
    </ClInclude>
    <ClInclude Include=".\include\globals.h">
      <Filter>Include</Filter>
    </ClInclude>
    <ClInclude Include=".\include\platform.h">
      <Filter>Include</Filter>
    </ClInclude>
    <ClInclude Include=".\include\runtime.h">
      <Filter>Include</Filter>
    </ClInclude>
  </ItemGroup>
  <ItemGroup>
    <ResourceCompile Include=".\include\sypb.rc" />
  </ItemGroup>
  <ItemGroup>
    <Filter Include="Include">
      <UniqueIdentifier>{b678dca9-2032-4755-bea2-f0a503a80ed5}</UniqueIdentifier>
    </Filter>
    <Filter Include="Source">
      <UniqueIdentifier>{a0378ad2-c214-4b6e-817e-5399c8134945}</UniqueIdentifier>
    </Filter>
  </ItemGroup>
</Project>