
Microsoft Visual Studio Solution File, Format Version 12.00
# Visual Studio 15
VisualStudioVersion = 15.0.25302.0
MinimumVisualStudioVersion = 10.0.40219.1
Project("{8BC9CEB8-8B4A-11D0-8D11-00A0C91BC942}") = "sypb", "sypb.vcxproj", "{C232645A-3B99-48F4-A1F3-F20CF0A9568B}"
EndProject
Global
	GlobalSection(SolutionConfigurationPlatforms) = preSolution
		SyPB_Debug|Win32 = SyPB_Debug|Win32
		SyPB_Release|Win32 = SyPB_Release|Win32
	EndGlobalSection
	GlobalSection(ProjectConfigurationPlatforms) = postSolution
		{C232645A-3B99-48F4-A1F3-F20CF0A9568B}.SyPB_Debug|Win32.ActiveCfg = SyPB_Debug|Win32
		{C232645A-3B99-48F4-A1F3-F20CF0A9568B}.SyPB_Debug|Win32.Build.0 = SyPB_Debug|Win32
		{C232645A-3B99-48F4-A1F3-F20CF0A9568B}.SyPB_Debug|Win32.Deploy.0 = SyPB_Debug|Win32
		{C232645A-3B99-48F4-A1F3-F20CF0A9568B}.SyPB_Release|Win32.ActiveCfg = SyPB_Release|Win32
		{C232645A-3B99-48F4-A1F3-F20CF0A9568B}.SyPB_Release|Win32.Build.0 = SyPB_Release|Win32
	EndGlobalSection
	GlobalSection(SolutionProperties) = preSolution
		HideSolutionNode = FALSE
	EndGlobalSection
EndGlobal
