<?xml version="1.0" encoding="utf-8"?>
<Project ToolsVersion="4.0" xmlns="http://schemas.microsoft.com/developer/msbuild/2003">
  <ItemGroup>
    <ClCompile Include="..\source\main.cpp" />
    <ClCompile Include="..\sdk\amxxmodule.cpp">
      <Filter>AmxxSDK</Filter>
    </ClCompile>
    <ClCompile Include="..\source\base.cpp" />
  </ItemGroup>
  <ItemGroup>
    <ClInclude Include="..\source\main.h" />
    <ClInclude Include="..\sdk\moduleconfig.h">
      <Filter>AmxxSDK</Filter>
    </ClInclude>
    <ClInclude Include="..\sdk\CVector.h">
      <Filter>AmxxSDK</Filter>
    </ClInclude>
    <ClInclude Include="..\sdk\CString.h">
      <Filter>AmxxSDK</Filter>
    </ClInclude>
    <ClInclude Include="..\sdk\amxxmodule.h">
      <Filter>AmxxSDK</Filter>
    </ClInclude>
    <ClInclude Include="..\source\version.h" />
  </ItemGroup>
  <ItemGroup>
    <Filter Include="AmxxSDK">
      <UniqueIdentifier>{81f362c6-187f-48ea-9e23-13679d0c941e}</UniqueIdentifier>
    </Filter>
  </ItemGroup>
  <ItemGroup>
    <ResourceCompile Include="sypb_amxx.rc" />
  </ItemGroup>
</Project>