
Microsoft Visual Studio Solution File, Format Version 12.00
# Visual Studio Version 16
VisualStudioVersion = 16.0.28803.202
MinimumVisualStudioVersion = 10.0.40219.1
Project("{8BC9CEB8-8B4A-11D0-8D11-00A0C91BC942}") = "1.SyPB Bot", "SyPB BOT\SyPB Bot.vcxproj", "{C232645A-3B99-48F4-A1F3-F20CF0A9568B}"
EndProject
Project("{8BC9CEB8-8B4A-11D0-8D11-00A0C91BC942}") = "2.SyPB API", "SyPB API\SyPB API.vcxproj", "{4A2FF1C1-2B73-4CE3-A3E1-5FC2C43CB876}"
EndProject
Project("{8BC9CEB8-8B4A-11D0-8D11-00A0C91BC942}") = "3.SwNPC", "SwNPC\SwNPC.vcxproj", "{05330595-B76E-4838-9C03-7D49168F206F}"
EndProject
Project("{2150E333-8FDC-42A3-9474-1A3956D46DE8}") = "0. Base", "0. Base", "{4B6F2887-AAD5-48DC-A08B-B2F26717F6AF}"
	ProjectSection(SolutionItems) = preProject
		version.h = version.h
	EndProjectSection
EndProject
Global
	GlobalSection(SolutionConfigurationPlatforms) = preSolution
		SyPB_Debug_XP|Win32 = SyPB_Debug_XP|Win32
		SyPB_Debug|Win32 = SyPB_Debug|Win32
		SyPB_Release|Win32 = SyPB_Release|Win32
	EndGlobalSection
	GlobalSection(ProjectConfigurationPlatforms) = postSolution
		{C232645A-3B99-48F4-A1F3-F20CF0A9568B}.SyPB_Debug_XP|Win32.ActiveCfg = Debug_XP|Win32
		{C232645A-3B99-48F4-A1F3-F20CF0A9568B}.SyPB_Debug_XP|Win32.Build.0 = Debug_XP|Win32
		{C232645A-3B99-48F4-A1F3-F20CF0A9568B}.SyPB_Debug|Win32.ActiveCfg = Debug|Win32
		{C232645A-3B99-48F4-A1F3-F20CF0A9568B}.SyPB_Debug|Win32.Build.0 = Debug|Win32
		{C232645A-3B99-48F4-A1F3-F20CF0A9568B}.SyPB_Debug|Win32.Deploy.0 = Debug|Win32
		{C232645A-3B99-48F4-A1F3-F20CF0A9568B}.SyPB_Release|Win32.ActiveCfg = Release|Win32
		{C232645A-3B99-48F4-A1F3-F20CF0A9568B}.SyPB_Release|Win32.Build.0 = Release|Win32
		{4A2FF1C1-2B73-4CE3-A3E1-5FC2C43CB876}.SyPB_Debug_XP|Win32.ActiveCfg = Debug_XP|Win32
		{4A2FF1C1-2B73-4CE3-A3E1-5FC2C43CB876}.SyPB_Debug_XP|Win32.Build.0 = Debug_XP|Win32
		{4A2FF1C1-2B73-4CE3-A3E1-5FC2C43CB876}.SyPB_Debug|Win32.ActiveCfg = Debug|Win32
		{4A2FF1C1-2B73-4CE3-A3E1-5FC2C43CB876}.SyPB_Debug|Win32.Build.0 = Debug|Win32
		{4A2FF1C1-2B73-4CE3-A3E1-5FC2C43CB876}.SyPB_Release|Win32.ActiveCfg = Release|Win32
		{4A2FF1C1-2B73-4CE3-A3E1-5FC2C43CB876}.SyPB_Release|Win32.Build.0 = Release|Win32
		{05330595-B76E-4838-9C03-7D49168F206F}.SyPB_Debug_XP|Win32.ActiveCfg = Debug_XP|Win32
		{05330595-B76E-4838-9C03-7D49168F206F}.SyPB_Debug_XP|Win32.Build.0 = Debug_XP|Win32
		{05330595-B76E-4838-9C03-7D49168F206F}.SyPB_Debug|Win32.ActiveCfg = Debug|Win32
		{05330595-B76E-4838-9C03-7D49168F206F}.SyPB_Debug|Win32.Build.0 = Debug|Win32
		{05330595-B76E-4838-9C03-7D49168F206F}.SyPB_Release|Win32.ActiveCfg = Release|Win32
		{05330595-B76E-4838-9C03-7D49168F206F}.SyPB_Release|Win32.Build.0 = Release|Win32
	EndGlobalSection
	GlobalSection(SolutionProperties) = preSolution
		HideSolutionNode = FALSE
	EndGlobalSection
	GlobalSection(ExtensibilityGlobals) = postSolution
		SolutionGuid = {28C95CC5-02CC-4598-88A1-F08802FDD69F}
	EndGlobalSection
EndGlobal
